
Microsoft Visual Studio Solution File, Format Version 12.00
# Visual Studio Version 17
VisualStudioVersion = 17.5.002.0
MinimumVisualStudioVersion = 10.0.40219.1
Project("{9A19103F-16F7-4668-BE54-9A1E7A4F7556}") = "Spotify", "Spotify\Spotify.csproj", "{E66F8537-A86E-4387-A35A-C13D2994E716}"
EndProject
Global
	GlobalSection(SolutionConfigurationPlatforms) = preSolution
		Debug|Any CPU = Debug|Any CPU
		Release|Any CPU = Release|Any CPU
	EndGlobalSection
	GlobalSection(ProjectConfigurationPlatforms) = postSolution
		{E66F8537-A86E-4387-A35A-C13D2994E716}.Debug|Any CPU.ActiveCfg = Debug|Any CPU
		{E66F8537-A86E-4387-A35A-C13D2994E716}.Debug|Any CPU.Build.0 = Debug|Any CPU
		{E66F8537-A86E-4387-A35A-C13D2994E716}.Release|Any CPU.ActiveCfg = Release|Any CPU
		{E66F8537-A86E-4387-A35A-C13D2994E716}.Release|Any CPU.Build.0 = Release|Any CPU
	EndGlobalSection
	GlobalSection(SolutionProperties) = preSolution
		HideSolutionNode = FALSE
	EndGlobalSection
	GlobalSection(ExtensibilityGlobals) = postSolution
		SolutionGuid = {4233D860-C084-47ED-BB3B-3BB187C2FD54}
	EndGlobalSection
EndGlobal
